{
  "name": "ajeets-robots-catalog-tools",
  "version": "1.4.0",
  "lockfileVersion": 3,
  "requires": true,
  "packages": {
    "": {
      "name": "ajeets-robots-catalog-tools",
      "version": "1.4.0",
      "dependencies": {
        "chalk": "^4.1.2",
        "dayjs": "^1.11.13",
        "lodash": "^4.17.21",
        "minimist": "^1.2.8",
        "nanoid": "^3.3.7",
        "uuid": "^9.0.1"
      },
      "devDependencies": {
        "dotenv": "^16.4.5",
        "prettier": "^3.3.3"
      }
    },
    "node_modules/ansi-styles": {
      "version": "4.3.0",
      "dependencies": {
        "color-convert": "^2.0.1"
      },
      "engines": {
        "node": ">=8"
      }
    },
    "node_modules/chalk": {
      "version": "4.1.2",
      "dependencies": {
        "ansi-styles": "^4.1.0",
        "supports-color": "^7.1.0"
      },
      "engines": {
        "node": ">=10"
      }
    },
    "node_modules/color-convert": {
      "version": "2.0.1",
      "dependencies": {
        "color-name": "~1.1.4"
      },
      "engines": {
        "node": ">=7.0.0"
      }
    },
    "node_modules/color-name": {
      "version": "1.1.4"
    },
    "node_modules/dayjs": {
      "version": "1.11.13"
    },
    "node_modules/dotenv": {
      "version": "16.4.5",
      "dev": true,
      "engines": {
        "node": ">=12"
      }
    },
    "node_modules/has-flag": {
      "version": "4.0.0",
      "engines": {
        "node": ">=8"
      }
    },
    "node_modules/lodash": {
      "version": "4.17.21"
    },
    "node_modules/minimist": {
      "version": "1.2.8"
    },
    "node_modules/nanoid": {
      "version": "3.3.7",
      "bin": {
        "nanoid": "bin/nanoid.cjs"
      },
      "engines": {
        "node": "^10 || ^12 || ^13.7 || ^14 || >=15.0.1"
      }
    },
    "node_modules/prettier": {
      "version": "3.3.3",
      "dev": true,
      "bin": {
        "prettier": "bin/prettier.cjs"
      },
      "engines": {
        "node": ">=14"
      }
    },
    "node_modules/supports-color": {
      "version": "7.2.0",
      "dependencies": {
        "has-flag": "^4.0.0"
      },
      "engines": {
        "node": ">=8"
      }
    },
    "node_modules/uuid": {
      "version": "9.0.1",
      "bin": {
        "uuid": "dist/bin/uuid"
      }
    }
  }
}
